// !$*UTF8*$!
{
	archiveVersion = 1;
	classes = {
	};
	objectVersion = 46;
	objects = {

/* Begin PBXBuildFile section */
		174221AA1E78D6680019E6F5 /* AppDelegate.swift in Sources */ = {isa = PBXBuildFile; fileRef = 174221A91E78D6680019E6F5 /* AppDelegate.swift */; };
		174221AC1E78D6680019E6F5 /* ViewController.swift in Sources */ = {isa = PBXBuildFile; fileRef = 174221AB1E78D6680019E6F5 /* ViewController.swift */; };
		174221AF1E78D6680019E6F5 /* Main.storyboard in Resources */ = {isa = PBXBuildFile; fileRef = 174221AD1E78D6680019E6F5 /* Main.storyboard */; };
		174221B11E78D6680019E6F5 /* Assets.xcassets in Resources */ = {isa = PBXBuildFile; fileRef = 174221B01E78D6680019E6F5 /* Assets.xcassets */; };
		174221B41E78D6680019E6F5 /* LaunchScreen.storyboard in Resources */ = {isa = PBXBuildFile; fileRef = 174221B21E78D6680019E6F5 /* LaunchScreen.storyboard */; };
		174221CA1E78E3020019E6F5 /* ShowSplashScreen.swift in Sources */ = {isa = PBXBuildFile; fileRef = 174221C91E78E3020019E6F5 /* ShowSplashScreen.swift */; };
		17C809431E7A853F0096A742 /* SignUpViewController.swift in Sources */ = {isa = PBXBuildFile; fileRef = 17C809421E7A853F0096A742 /* SignUpViewController.swift */; };
		17FB0D3D1E99710D00F48934 /* ActivationCodeViewController.swift in Sources */ = {isa = PBXBuildFile; fileRef = 17FB0D3C1E99710D00F48934 /* ActivationCodeViewController.swift */; };
/* End PBXBuildFile section */

/* Begin PBXCopyFilesBuildPhase section */
		17CEEA261E8FCA60003AF552 /* Embed Frameworks */ = {
			isa = PBXCopyFilesBuildPhase;
			buildActionMask = 2147483647;
			dstPath = "";
			dstSubfolderSpec = 10;
			files = (
			);
			name = "Embed Frameworks";
			runOnlyForDeploymentPostprocessing = 0;
		};
/* End PBXCopyFilesBuildPhase section */

/* Begin PBXFileReference section */
		174221A61E78D6680019E6F5 /* Nutrick.app */ = {isa = PBXFileReference; explicitFileType = wrapper.application; includeInIndex = 0; path = Nutrick.app; sourceTree = BUILT_PRODUCTS_DIR; };
		174221A91E78D6680019E6F5 /* AppDelegate.swift */ = {isa = PBXFileReference; lastKnownFileType = sourcecode.swift; path = AppDelegate.swift; sourceTree = "<group>"; };
		174221AB1E78D6680019E6F5 /* ViewController.swift */ = {isa = PBXFileReference; lastKnownFileType = sourcecode.swift; path = ViewController.swift; sourceTree = "<group>"; };
		174221AE1E78D6680019E6F5 /* Base */ = {isa = PBXFileReference; lastKnownFileType = file.storyboard; name = Base; path = Base.lproj/Main.storyboard; sourceTree = "<group>"; };
		174221B01E78D6680019E6F5 /* Assets.xcassets */ = {isa = PBXFileReference; lastKnownFileType = folder.assetcatalog; path = Assets.xcassets; sourceTree = "<group>"; };
		174221B31E78D6680019E6F5 /* Base */ = {isa = PBXFileReference; lastKnownFileType = file.storyboard; name = Base; path = Base.lproj/LaunchScreen.storyboard; sourceTree = "<group>"; };
		174221B51E78D6680019E6F5 /* Info.plist */ = {isa = PBXFileReference; lastKnownFileType = text.plist.xml; path = Info.plist; sourceTree = "<group>"; };
		174221C91E78E3020019E6F5 /* ShowSplashScreen.swift */ = {isa = PBXFileReference; fileEncoding = 4; lastKnownFileType = sourcecode.swift; path = ShowSplashScreen.swift; sourceTree = "<group>"; };
		17C809421E7A853F0096A742 /* SignUpViewController.swift */ = {isa = PBXFileReference; fileEncoding = 4; lastKnownFileType = sourcecode.swift; path = SignUpViewController.swift; sourceTree = "<group>"; };
		17FB0D3C1E99710D00F48934 /* ActivationCodeViewController.swift */ = {isa = PBXFileReference; fileEncoding = 4; lastKnownFileType = sourcecode.swift; path = ActivationCodeViewController.swift; sourceTree = "<group>"; };
/* End PBXFileReference section */

/* Begin PBXFrameworksBuildPhase section */
		174221A31E78D6680019E6F5 /* Frameworks */ = {
			isa = PBXFrameworksBuildPhase;
			buildActionMask = 2147483647;
			files = (
			);
			runOnlyForDeploymentPostprocessing = 0;
		};
/* End PBXFrameworksBuildPhase section */

/* Begin PBXGroup section */
		1742219D1E78D6680019E6F5 = {
			isa = PBXGroup;
			children = (
				174221A81E78D6680019E6F5 /* Nutrick */,
				174221A71E78D6680019E6F5 /* Products */,
			);
			sourceTree = "<group>";
		};
		174221A71E78D6680019E6F5 /* Products */ = {
			isa = PBXGroup;
			children = (
				174221A61E78D6680019E6F5 /* Nutrick.app */,
			);
			name = Products;
			sourceTree = "<group>";
		};
		174221A81E78D6680019E6F5 /* Nutrick */ = {
			isa = PBXGroup;
			children = (
				174221A91E78D6680019E6F5 /* AppDelegate.swift */,
				174221AB1E78D6680019E6F5 /* ViewController.swift */,
				174221C91E78E3020019E6F5 /* ShowSplashScreen.swift */,
				174221AD1E78D6680019E6F5 /* Main.storyboard */,
				174221B01E78D6680019E6F5 /* Assets.xcassets */,
				174221B21E78D6680019E6F5 /* LaunchScreen.storyboard */,
				174221B51E78D6680019E6F5 /* Info.plist */,
				17C809421E7A853F0096A742 /* SignUpViewController.swift */,
				17FB0D3C1E99710D00F48934 /* ActivationCodeViewController.swift */,
			);
			path = Nutrick;
			sourceTree = "<group>";
		};
/* End PBXGroup section */

/* Begin PBXNativeTarget section */
		174221A51E78D6680019E6F5 /* Nutrick */ = {
			isa = PBXNativeTarget;
			buildConfigurationList = 174221B81E78D6680019E6F5 /* Build configuration list for PBXNativeTarget "Nutrick" */;
			buildPhases = (
				174221A21E78D6680019E6F5 /* Sources */,
				174221A31E78D6680019E6F5 /* Frameworks */,
				174221A41E78D6680019E6F5 /* Resources */,
				17CEEA261E8FCA60003AF552 /* Embed Frameworks */,
			);
			buildRules = (
			);
			dependencies = (
			);
			name = Nutrick;
			productName = Nutrick;
			productReference = 174221A61E78D6680019E6F5 /* Nutrick.app */;
			productType = "com.apple.product-type.application";
		};
/* End PBXNativeTarget section */

/* Begin PBXProject section */
		1742219E1E78D6680019E6F5 /* Project object */ = {
			isa = PBXProject;
			attributes = {
				LastSwiftUpdateCheck = 0730;
				LastUpgradeCheck = 0730;
				ORGANIZATIONNAME = nutrick;
				TargetAttributes = {
					174221A51E78D6680019E6F5 = {
						CreatedOnToolsVersion = 7.3;
						DevelopmentTeam = 2PM5WY4P2M;
						LastSwiftMigration = 0830;
					};
				};
			};
			buildConfigurationList = 174221A11E78D6680019E6F5 /* Build configuration list for PBXProject "Nutrick" */;
			compatibilityVersion = "Xcode 3.2";
			developmentRegion = English;
			hasScannedForEncodings = 0;
			knownRegions = (
				en,
				Base,
			);
			mainGroup = 1742219D1E78D6680019E6F5;
			productRefGroup = 174221A71E78D6680019E6F5 /* Products */;
			projectDirPath = "";
			projectRoot = "";
			targets = (
				174221A51E78D6680019E6F5 /* Nutrick */,
			);
		};
/* End PBXProject section */

/* Begin PBXResourcesBuildPhase section */
		174221A41E78D6680019E6F5 /* Resources */ = {
			isa = PBXResourcesBuildPhase;
			buildActionMask = 2147483647;
			files = (
				174221B41E78D6680019E6F5 /* LaunchScreen.storyboard in Resources */,
				174221B11E78D6680019E6F5 /* Assets.xcassets in Resources */,
				174221AF1E78D6680019E6F5 /* Main.storyboard in Resources */,
			);
			runOnlyForDeploymentPostprocessing = 0;
		};
/* End PBXResourcesBuildPhase section */

/* Begin PBXSourcesBuildPhase section */
		174221A21E78D6680019E6F5 /* Sources */ = {
			isa = PBXSourcesBuildPhase;
			buildActionMask = 2147483647;
			files = (
				17FB0D3D1E99710D00F48934 /* ActivationCodeViewController.swift in Sources */,
				174221AC1E78D6680019E6F5 /* ViewController.swift in Sources */,
				174221AA1E78D6680019E6F5 /* AppDelegate.swift in Sources */,
				17C809431E7A853F0096A742 /* SignUpViewController.swift in Sources */,
				174221CA1E78E3020019E6F5 /* ShowSplashScreen.swift in Sources */,
			);
			runOnlyForDeploymentPostprocessing = 0;
		};
/* End PBXSourcesBuildPhase section */

/* Begin PBXVariantGroup section */
		174221AD1E78D6680019E6F5 /* Main.storyboard */ = {
			isa = PBXVariantGroup;
			children = (
				174221AE1E78D6680019E6F5 /* Base */,
			);
			name = Main.storyboard;
			sourceTree = "<group>";
		};
		174221B21E78D6680019E6F5 /* LaunchScreen.storyboard */ = {
			isa = PBXVariantGroup;
			children = (
				174221B31E78D6680019E6F5 /* Base */,
			);
			name = LaunchScreen.storyboard;
			sourceTree = "<group>";
		};
/* End PBXVariantGroup section */

/* Begin XCBuildConfiguration section */
		174221B61E78D6680019E6F5 /* Debug */ = {
			isa = XCBuildConfiguration;
			buildSettings = {
				ALWAYS_SEARCH_USER_PATHS = NO;
				CLANG_ANALYZER_NONNULL = YES;
				CLANG_CXX_LANGUAGE_STANDARD = "gnu++0x";
				CLANG_CXX_LIBRARY = "libc++";
				CLANG_ENABLE_MODULES = YES;
				CLANG_ENABLE_OBJC_ARC = YES;
				CLANG_WARN_BOOL_CONVERSION = YES;
				CLANG_WARN_CONSTANT_CONVERSION = YES;
				CLANG_WARN_DIRECT_OBJC_ISA_USAGE = YES_ERROR;
				CLANG_WARN_EMPTY_BODY = YES;
				CLANG_WARN_ENUM_CONVERSION = YES;
				CLANG_WARN_INT_CONVERSION = YES;
				CLANG_WARN_OBJC_ROOT_CLASS = YES_ERROR;
				CLANG_WARN_UNREACHABLE_CODE = YES;
				CLANG_WARN__DUPLICATE_METHOD_MATCH = YES;
				CODE_SIGN_IDENTITY = "iPhone Developer: Puneeth Kumar (436WWFFZ8B)";
				"CODE_SIGN_IDENTITY[sdk=iphoneos*]" = "iPhone Developer: Puneeth Kumar (436WWFFZ8B)";
				COPY_PHASE_STRIP = NO;
				DEBUG_INFORMATION_FORMAT = dwarf;
				ENABLE_STRICT_OBJC_MSGSEND = YES;
				ENABLE_TESTABILITY = YES;
				GCC_C_LANGUAGE_STANDARD = gnu99;
				GCC_DYNAMIC_NO_PIC = NO;
				GCC_NO_COMMON_BLOCKS = YES;
				GCC_OPTIMIZATION_LEVEL = 0;
				GCC_PREPROCESSOR_DEFINITIONS = (
					"DEBUG=1",
					"$(inherited)",
				);
				GCC_WARN_64_TO_32_BIT_CONVERSION = YES;
				GCC_WARN_ABOUT_RETURN_TYPE = YES_ERROR;
				GCC_WARN_UNDECLARED_SELECTOR = YES;
				GCC_WARN_UNINITIALIZED_AUTOS = YES_AGGRESSIVE;
				GCC_WARN_UNUSED_FUNCTION = YES;
				GCC_WARN_UNUSED_VARIABLE = YES;
				IPHONEOS_DEPLOYMENT_TARGET = 9.3;
				MTL_ENABLE_DEBUG_INFO = YES;
				ONLY_ACTIVE_ARCH = YES;
				PROVISIONING_PROFILE = "b19fce4c-f0c0-4c5f-a09a-2c2a4cc2bbf9";
				SDKROOT = iphoneos;
				SWIFT_OPTIMIZATION_LEVEL = "-Onone";
			};
			name = Debug;
		};
		174221B71E78D6680019E6F5 /* Release */ = {
			isa = XCBuildConfiguration;
			buildSettings = {
				ALWAYS_SEARCH_USER_PATHS = NO;
				CLANG_ANALYZER_NONNULL = YES;
				CLANG_CXX_LANGUAGE_STANDARD = "gnu++0x";
				CLANG_CXX_LIBRARY = "libc++";
				CLANG_ENABLE_MODULES = YES;
				CLANG_ENABLE_OBJC_ARC = YES;
				CLANG_WARN_BOOL_CONVERSION = YES;
				CLANG_WARN_CONSTANT_CONVERSION = YES;
				CLANG_WARN_DIRECT_OBJC_ISA_USAGE = YES_ERROR;
				CLANG_WARN_EMPTY_BODY = YES;
				CLANG_WARN_ENUM_CONVERSION = YES;
				CLANG_WARN_INT_CONVERSION = YES;
				CLANG_WARN_OBJC_ROOT_CLASS = YES_ERROR;
				CLANG_WARN_UNREACHABLE_CODE = YES;
				CLANG_WARN__DUPLICATE_METHOD_MATCH = YES;
				CODE_SIGN_IDENTITY = "iPhone Developer: Puneeth Kumar (436WWFFZ8B)";
				"CODE_SIGN_IDENTITY[sdk=iphoneos*]" = "iPhone Developer: Puneeth Kumar (436WWFFZ8B)";
				COPY_PHASE_STRIP = NO;
				DEBUG_INFORMATION_FORMAT = "dwarf-with-dsym";
				ENABLE_NS_ASSERTIONS = NO;
				ENABLE_STRICT_OBJC_MSGSEND = YES;
				GCC_C_LANGUAGE_STANDARD = gnu99;
				GCC_NO_COMMON_BLOCKS = YES;
				GCC_WARN_64_TO_32_BIT_CONVERSION = YES;
				GCC_WARN_ABOUT_RETURN_TYPE = YES_ERROR;
				GCC_WARN_UNDECLARED_SELECTOR = YES;
				GCC_WARN_UNINITIALIZED_AUTOS = YES_AGGRESSIVE;
				GCC_WARN_UNUSED_FUNCTION = YES;
				GCC_WARN_UNUSED_VARIABLE = YES;
				IPHONEOS_DEPLOYMENT_TARGET = 9.3;
				MTL_ENABLE_DEBUG_INFO = NO;
				PROVISIONING_PROFILE = "b19fce4c-f0c0-4c5f-a09a-2c2a4cc2bbf9";
				SDKROOT = iphoneos;
				VALIDATE_PRODUCT = YES;
			};
			name = Release;
		};
		174221B91E78D6680019E6F5 /* Debug */ = {
			isa = XCBuildConfiguration;
			buildSettings = {
				ASSETCATALOG_COMPILER_APPICON_NAME = AppIcon;
				ASSETCATALOG_COMPILER_LAUNCHIMAGE_NAME = "Brand Assets";
				CODE_SIGN_IDENTITY = "iPhone Developer";
				"CODE_SIGN_IDENTITY[sdk=iphoneos*]" = "iPhone Developer";
				FRAMEWORK_SEARCH_PATHS = (
					"$(inherited)",
					"$(PROJECT_DIR)",
				);
				INFOPLIST_FILE = Nutrick/Info.plist;
				LD_RUNPATH_SEARCH_PATHS = "$(inherited) @executable_path/Frameworks";
				PRODUCT_BUNDLE_IDENTIFIER = com.Puneet.Nutrick;
				PRODUCT_NAME = "$(TARGET_NAME)";
				PROVISIONING_PROFILE = "";
				SWIFT_VERSION = 3.0;
			};
			name = Debug;
		};
		174221BA1E78D6680019E6F5 /* Release */ = {
			isa = XCBuildConfiguration;
			buildSettings = {
				ASSETCATALOG_COMPILER_APPICON_NAME = AppIcon;
				ASSETCATALOG_COMPILER_LAUNCHIMAGE_NAME = "Brand Assets";
				CODE_SIGN_IDENTITY = "iPhone Developer";
				"CODE_SIGN_IDENTITY[sdk=iphoneos*]" = "iPhone Developer";
				FRAMEWORK_SEARCH_PATHS = (
					"$(inherited)",
					"$(PROJECT_DIR)",
				);
				INFOPLIST_FILE = Nutrick/Info.plist;
				LD_RUNPATH_SEARCH_PATHS = "$(inherited) @executable_path/Frameworks";
				PRODUCT_BUNDLE_IDENTIFIER = com.Puneet.Nutrick;
				PRODUCT_NAME = "$(TARGET_NAME)";
				PROVISIONING_PROFILE = "";
				SWIFT_VERSION = 3.0;
			};
			name = Release;
		};
/* End XCBuildConfiguration section */

/* Begin XCConfigurationList section */
		174221A11E78D6680019E6F5 /* Build configuration list for PBXProject "Nutrick" */ = {
			isa = XCConfigurationList;
			buildConfigurations = (
				174221B61E78D6680019E6F5 /* Debug */,
				174221B71E78D6680019E6F5 /* Release */,
			);
			defaultConfigurationIsVisible = 0;
			defaultConfigurationName = Release;
		};
		174221B81E78D6680019E6F5 /* Build configuration list for PBXNativeTarget "Nutrick" */ = {
			isa = XCConfigurationList;
			buildConfigurations = (
				174221B91E78D6680019E6F5 /* Debug */,
				174221BA1E78D6680019E6F5 /* Release */,
			);
			defaultConfigurationIsVisible = 0;
			defaultConfigurationName = Release;
		};
/* End XCConfigurationList section */
	};
	rootObject = 1742219E1E78D6680019E6F5 /* Project object */;
}
